
Microsoft Visual Studio Solution File, Format Version 12.00
# Visual Studio Version 17
VisualStudioVersion = 17.14.36908.2 d17.14
MinimumVisualStudioVersion = 10.0.40219.1
Project("{FAE04EC0-301F-11D3-BF4B-00C04F79EFBC}") = "Housing01", "Housing01\Housing01.csproj", "{61ED1742-C818-4ED2-97A9-8776EF0624F6}"
EndProject
Global
	GlobalSection(SolutionConfigurationPlatforms) = preSolution
		Debug|Any CPU = Debug|Any CPU
		Release|Any CPU = Release|Any CPU
	EndGlobalSection
	GlobalSection(ProjectConfigurationPlatforms) = postSolution
		{61ED1742-C818-4ED2-97A9-8776EF0624F6}.Debug|Any CPU.ActiveCfg = Debug|Any CPU
		{61ED1742-C818-4ED2-97A9-8776EF0624F6}.Debug|Any CPU.Build.0 = Debug|Any CPU
		{61ED1742-C818-4ED2-97A9-8776EF0624F6}.Release|Any CPU.ActiveCfg = Release|Any CPU
		{61ED1742-C818-4ED2-97A9-8776EF0624F6}.Release|Any CPU.Build.0 = Release|Any CPU
	EndGlobalSection
	GlobalSection(SolutionProperties) = preSolution
		HideSolutionNode = FALSE
	EndGlobalSection
	GlobalSection(ExtensibilityGlobals) = postSolution
		SolutionGuid = {FF80958F-A9D0-4453-BD9F-5B85BA201DCF}
	EndGlobalSection
EndGlobal
